{
  "name": "todo-list",
  "version": "1.0.0",
  "lockfileVersion": 2,
  "requires": true,
  "packages": {
    "": {
      "name": "todo-list",
      "version": "1.0.0",
      "license": "ISC",
      "dependencies": {
        "cra-template-typescript-styled": "^1.1.0"
      }
    },
    "node_modules/cra-template-typescript-styled": {
      "version": "1.1.0",
      "resolved": "https://registry.npmjs.org/cra-template-typescript-styled/-/cra-template-typescript-styled-1.1.0.tgz",
      "integrity": "sha512-mlExJeAVEkufsr44B3hgxEvNBNezzw5uAyAHszS1Yy84v0LAxI7ze8HsleL7hIf6J4yXWFGxrBMFqBmAHXMDLw==",
      "engines": {
        "node": ">=14"
      }
    }
  },
  "dependencies": {
    "cra-template-typescript-styled": {
      "version": "1.1.0",
      "resolved": "https://registry.npmjs.org/cra-template-typescript-styled/-/cra-template-typescript-styled-1.1.0.tgz",
      "integrity": "sha512-mlExJeAVEkufsr44B3hgxEvNBNezzw5uAyAHszS1Yy84v0LAxI7ze8HsleL7hIf6J4yXWFGxrBMFqBmAHXMDLw=="
    }
  }
}
